
Microsoft Visual Studio Solution File, Format Version 12.00
# Visual Studio Version 17
VisualStudioVersion = 17.3.32901.215
MinimumVisualStudioVersion = 10.0.40219.1
Project("{9A19103F-16F7-4668-BE54-9A1E7A4F7556}") = "Model", "Model\Model.csproj", "{25A14EAA-E4D4-4193-A3D9-E4E35240B84B}"
EndProject
Project("{9A19103F-16F7-4668-BE54-9A1E7A4F7556}") = "DTOs", "DTOs\DTOs.csproj", "{FC01EC53-C9BA-4E31-AD57-EC6063FE68DC}"
EndProject
Project("{9A19103F-16F7-4668-BE54-9A1E7A4F7556}") = "Entities", "Entities\Entities.csproj", "{D32ACA42-F390-4A1A-A8D9-91E7127A9848}"
EndProject
Project("{9A19103F-16F7-4668-BE54-9A1E7A4F7556}") = "EntityToModel", "EntityToModel\EntityToModel.csproj", "{9353584F-1721-4ACF-BA4C-A72179829841}"
EndProject
Project("{9A19103F-16F7-4668-BE54-9A1E7A4F7556}") = "DTOtoModel", "DTOtoModel\DTOtoModel.csproj", "{0B92DADE-960B-44F5-AE17-F3A525B3D01B}"
EndProject
Project("{9A19103F-16F7-4668-BE54-9A1E7A4F7556}") = "Repositories", "Repositories\Repositories.csproj", "{224C0226-108B-4C10-9D1F-4C8F226C9F7E}"
EndProject
Project("{9A19103F-16F7-4668-BE54-9A1E7A4F7556}") = "RestfulAPI", "RestfulAPI\RestfulAPI.csproj", "{DBD49262-99B2-42E3-9724-AE2B8BC91B71}"
EndProject
Project("{9A19103F-16F7-4668-BE54-9A1E7A4F7556}") = "Services", "Services\Services.csproj", "{97DC3FDF-D98E-46BA-AF8B-36EC21DB5619}"
EndProject
Project("{9A19103F-16F7-4668-BE54-9A1E7A4F7556}") = "TestAPI", "TestAPI\TestAPI.csproj", "{176D1499-C640-46CC-A6BF-B45A0D45A402}"
EndProject
Project("{2150E333-8FDC-42A3-9474-1A3956D46DE8}") = "Gateway", "Gateway", "{8160B279-30AC-419E-A911-C927AD15D356}"
EndProject
Project("{9A19103F-16F7-4668-BE54-9A1E7A4F7556}") = "ApiGateway", "ApiGateway\ApiGateway.csproj", "{7682A8AC-A30E-4960-ACAB-97BF23146E0D}"
EndProject
Project("{2150E333-8FDC-42A3-9474-1A3956D46DE8}") = "GrpcAPI", "GrpcAPI", "{1189CB8D-9F39-41F3-BEF7-2B396CE17E2A}"
EndProject
Project("{9A19103F-16F7-4668-BE54-9A1E7A4F7556}") = "BowlingGrpcServer", "BowlingGrpcServer\BowlingGrpcServer.csproj", "{E7FC9881-7A21-4A42-968B-9F7A4DA06B98}"
EndProject
Project("{9A19103F-16F7-4668-BE54-9A1E7A4F7556}") = "BowlingGrpcClient", "BowlingGrpcClient\BowlingGrpcClient.csproj", "{FCF7AC19-3D74-478E-AA89-C12D03C1EC1A}"
EndProject
Project("{2150E333-8FDC-42A3-9474-1A3956D46DE8}") = "Tests", "Tests", "{D8C881E1-E77C-48FF-8959-08F1A39658EE}"
EndProject
Project("{FAE04EC0-301F-11D3-BF4B-00C04F79EFBC}") = "RestfulAPITests", "RestfulAPITests\RestfulAPITests.csproj", "{ED521526-7F52-4D27-9A31-EDD1E5E6606A}"
EndProject
Project("{2150E333-8FDC-42A3-9474-1A3956D46DE8}") = "RestfulAPIs", "RestfulAPIs", "{48DF2BFA-B7B3-4451-BC79-DA7F079E0942}"
EndProject
Global
	GlobalSection(SolutionConfigurationPlatforms) = preSolution
		Debug|Any CPU = Debug|Any CPU
		Release|Any CPU = Release|Any CPU
	EndGlobalSection
	GlobalSection(ProjectConfigurationPlatforms) = postSolution
		{25A14EAA-E4D4-4193-A3D9-E4E35240B84B}.Debug|Any CPU.ActiveCfg = Debug|Any CPU
		{25A14EAA-E4D4-4193-A3D9-E4E35240B84B}.Debug|Any CPU.Build.0 = Debug|Any CPU
		{25A14EAA-E4D4-4193-A3D9-E4E35240B84B}.Release|Any CPU.ActiveCfg = Release|Any CPU
		{25A14EAA-E4D4-4193-A3D9-E4E35240B84B}.Release|Any CPU.Build.0 = Release|Any CPU
		{FC01EC53-C9BA-4E31-AD57-EC6063FE68DC}.Debug|Any CPU.ActiveCfg = Debug|Any CPU
		{FC01EC53-C9BA-4E31-AD57-EC6063FE68DC}.Debug|Any CPU.Build.0 = Debug|Any CPU
		{FC01EC53-C9BA-4E31-AD57-EC6063FE68DC}.Release|Any CPU.ActiveCfg = Release|Any CPU
		{FC01EC53-C9BA-4E31-AD57-EC6063FE68DC}.Release|Any CPU.Build.0 = Release|Any CPU
		{D32ACA42-F390-4A1A-A8D9-91E7127A9848}.Debug|Any CPU.ActiveCfg = Debug|Any CPU
		{D32ACA42-F390-4A1A-A8D9-91E7127A9848}.Debug|Any CPU.Build.0 = Debug|Any CPU
		{D32ACA42-F390-4A1A-A8D9-91E7127A9848}.Release|Any CPU.ActiveCfg = Release|Any CPU
		{D32ACA42-F390-4A1A-A8D9-91E7127A9848}.Release|Any CPU.Build.0 = Release|Any CPU
		{9353584F-1721-4ACF-BA4C-A72179829841}.Debug|Any CPU.ActiveCfg = Debug|Any CPU
		{9353584F-1721-4ACF-BA4C-A72179829841}.Debug|Any CPU.Build.0 = Debug|Any CPU
		{9353584F-1721-4ACF-BA4C-A72179829841}.Release|Any CPU.ActiveCfg = Release|Any CPU
		{9353584F-1721-4ACF-BA4C-A72179829841}.Release|Any CPU.Build.0 = Release|Any CPU
		{0B92DADE-960B-44F5-AE17-F3A525B3D01B}.Debug|Any CPU.ActiveCfg = Debug|Any CPU
		{0B92DADE-960B-44F5-AE17-F3A525B3D01B}.Debug|Any CPU.Build.0 = Debug|Any CPU
		{0B92DADE-960B-44F5-AE17-F3A525B3D01B}.Release|Any CPU.ActiveCfg = Release|Any CPU
		{0B92DADE-960B-44F5-AE17-F3A525B3D01B}.Release|Any CPU.Build.0 = Release|Any CPU
		{224C0226-108B-4C10-9D1F-4C8F226C9F7E}.Debug|Any CPU.ActiveCfg = Debug|Any CPU
		{224C0226-108B-4C10-9D1F-4C8F226C9F7E}.Debug|Any CPU.Build.0 = Debug|Any CPU
		{224C0226-108B-4C10-9D1F-4C8F226C9F7E}.Release|Any CPU.ActiveCfg = Release|Any CPU
		{224C0226-108B-4C10-9D1F-4C8F226C9F7E}.Release|Any CPU.Build.0 = Release|Any CPU
		{DBD49262-99B2-42E3-9724-AE2B8BC91B71}.Debug|Any CPU.ActiveCfg = Debug|Any CPU
		{DBD49262-99B2-42E3-9724-AE2B8BC91B71}.Debug|Any CPU.Build.0 = Debug|Any CPU
		{DBD49262-99B2-42E3-9724-AE2B8BC91B71}.Release|Any CPU.ActiveCfg = Release|Any CPU
		{DBD49262-99B2-42E3-9724-AE2B8BC91B71}.Release|Any CPU.Build.0 = Release|Any CPU
		{97DC3FDF-D98E-46BA-AF8B-36EC21DB5619}.Debug|Any CPU.ActiveCfg = Debug|Any CPU
		{97DC3FDF-D98E-46BA-AF8B-36EC21DB5619}.Debug|Any CPU.Build.0 = Debug|Any CPU
		{97DC3FDF-D98E-46BA-AF8B-36EC21DB5619}.Release|Any CPU.ActiveCfg = Release|Any CPU
		{97DC3FDF-D98E-46BA-AF8B-36EC21DB5619}.Release|Any CPU.Build.0 = Release|Any CPU
		{176D1499-C640-46CC-A6BF-B45A0D45A402}.Debug|Any CPU.ActiveCfg = Debug|Any CPU
		{176D1499-C640-46CC-A6BF-B45A0D45A402}.Debug|Any CPU.Build.0 = Debug|Any CPU
		{176D1499-C640-46CC-A6BF-B45A0D45A402}.Release|Any CPU.ActiveCfg = Release|Any CPU
		{176D1499-C640-46CC-A6BF-B45A0D45A402}.Release|Any CPU.Build.0 = Release|Any CPU
		{7682A8AC-A30E-4960-ACAB-97BF23146E0D}.Debug|Any CPU.ActiveCfg = Debug|Any CPU
		{7682A8AC-A30E-4960-ACAB-97BF23146E0D}.Debug|Any CPU.Build.0 = Debug|Any CPU
		{7682A8AC-A30E-4960-ACAB-97BF23146E0D}.Release|Any CPU.ActiveCfg = Release|Any CPU
		{7682A8AC-A30E-4960-ACAB-97BF23146E0D}.Release|Any CPU.Build.0 = Release|Any CPU
		{E7FC9881-7A21-4A42-968B-9F7A4DA06B98}.Debug|Any CPU.ActiveCfg = Debug|Any CPU
		{E7FC9881-7A21-4A42-968B-9F7A4DA06B98}.Debug|Any CPU.Build.0 = Debug|Any CPU
		{E7FC9881-7A21-4A42-968B-9F7A4DA06B98}.Release|Any CPU.ActiveCfg = Release|Any CPU
		{E7FC9881-7A21-4A42-968B-9F7A4DA06B98}.Release|Any CPU.Build.0 = Release|Any CPU
		{FCF7AC19-3D74-478E-AA89-C12D03C1EC1A}.Debug|Any CPU.ActiveCfg = Debug|Any CPU
		{FCF7AC19-3D74-478E-AA89-C12D03C1EC1A}.Debug|Any CPU.Build.0 = Debug|Any CPU
		{FCF7AC19-3D74-478E-AA89-C12D03C1EC1A}.Release|Any CPU.ActiveCfg = Release|Any CPU
		{FCF7AC19-3D74-478E-AA89-C12D03C1EC1A}.Release|Any CPU.Build.0 = Release|Any CPU
		{ED521526-7F52-4D27-9A31-EDD1E5E6606A}.Debug|Any CPU.ActiveCfg = Debug|Any CPU
		{ED521526-7F52-4D27-9A31-EDD1E5E6606A}.Debug|Any CPU.Build.0 = Debug|Any CPU
		{ED521526-7F52-4D27-9A31-EDD1E5E6606A}.Release|Any CPU.ActiveCfg = Release|Any CPU
		{ED521526-7F52-4D27-9A31-EDD1E5E6606A}.Release|Any CPU.Build.0 = Release|Any CPU
	EndGlobalSection
	GlobalSection(SolutionProperties) = preSolution
		HideSolutionNode = FALSE
	EndGlobalSection
	GlobalSection(NestedProjects) = preSolution
		{DBD49262-99B2-42E3-9724-AE2B8BC91B71} = {48DF2BFA-B7B3-4451-BC79-DA7F079E0942}
		{7682A8AC-A30E-4960-ACAB-97BF23146E0D} = {8160B279-30AC-419E-A911-C927AD15D356}
		{E7FC9881-7A21-4A42-968B-9F7A4DA06B98} = {1189CB8D-9F39-41F3-BEF7-2B396CE17E2A}
		{FCF7AC19-3D74-478E-AA89-C12D03C1EC1A} = {1189CB8D-9F39-41F3-BEF7-2B396CE17E2A}
		{ED521526-7F52-4D27-9A31-EDD1E5E6606A} = {D8C881E1-E77C-48FF-8959-08F1A39658EE}
	EndGlobalSection
	GlobalSection(ExtensibilityGlobals) = postSolution
		SolutionGuid = {DAE18406-FC11-45BC-A74E-BDC5058F31CC}
	EndGlobalSection
EndGlobal
